# THIS IS AN AUTOGENERATED FILE. DO NOT EDIT THIS FILE DIRECTLY.
# yarn lockfile v1


"@noble/hashes@1.1.5":
  version "1.1.5"
  resolved "https://registry.yarnpkg.com/@noble/hashes/-/hashes-1.1.5.tgz#1a0377f3b9020efe2fae03290bd2a12140c95c11"
  integrity sha512-LTMZiiLc+V4v1Yi16TD6aX2gmtKszNye0pQgbaLqkvhIqP7nVsSaJsWloGQjJfJ8offaoP5GtX3yY5swbcJxxQ==

"@noble/hashes@^1.1.2":
  version "1.3.2"
  resolved "https://registry.yarnpkg.com/@noble/hashes/-/hashes-1.3.2.tgz#6f26dbc8fbc7205873ce3cee2f690eba0d421b39"
  integrity sha512-MVC8EAQp7MvEcm30KWENFjgR+Mkmf+D189XJTkFIlwohU5hcBbn1ZkKq7KVTi2Hme3PMGF390DaL52beVrIihQ==

"@noble/secp256k1@1.7.1":
  version "1.7.1"
  resolved "https://registry.yarnpkg.com/@noble/secp256k1/-/secp256k1-1.7.1.tgz#b251c70f824ce3ca7f8dc3df08d58f005cc0507c"
  integrity sha512-hOUk6AyBFmqVrv7k5WAw/LpszxVbj9gGN4JRkIX52fdFAj1UA61KXmZDvqVEm+pOyec3+fIeZB02LYa/pWOArw==

"@stacks/common@^6.5.5":
  version "6.5.5"
  resolved "https://registry.yarnpkg.com/@stacks/common/-/common-6.5.5.tgz#c6149fd7acff185ac191a9a84b719b62ed4963a5"
  integrity sha512-6v2AVHTTryvl1Govu5rmBXLywAyen2fU3doMCx/7Lk/tFLc4OjMEx4uf1wzpPx1zw/fwJnvoz74OrT/RSALDYw==
  dependencies:
    "@types/bn.js" "^5.1.0"
    "@types/node" "^18.0.4"

"@stacks/network@^6.5.5":
  version "6.5.5"
  resolved "https://registry.yarnpkg.com/@stacks/network/-/network-6.5.5.tgz#ddb9806ccd64e0b5ba690f06edb49544f913ce63"
  integrity sha512-lw7+g6UhOpvWasMeRYMb2OGRKm9ptYkGt27Usg3Eo0z/pu20jZxvHXLBMdDQqxNQOOmwiG4FadICnwTlmnHaqw==
  dependencies:
    "@stacks/common" "^6.5.5"
    cross-fetch "^3.1.5"

"@stacks/transactions@^6.7.0":
  version "6.7.0"
  resolved "https://registry.yarnpkg.com/@stacks/transactions/-/transactions-6.7.0.tgz#973a71eb44de8dd4f9d62d292aa71733eb6de7f5"
  integrity sha512-M/SxSkKk78cTa7hLxq36YcN+NnnSanvKgINfXnQGTL31dzvH3UfQbRzPZHEkjPRRN82E9XC0scu6Kpwq+qVbtA==
  dependencies:
    "@noble/hashes" "1.1.5"
    "@noble/secp256k1" "1.7.1"
    "@stacks/common" "^6.5.5"
    "@stacks/network" "^6.5.5"
    c32check "^2.0.0"
    lodash.clonedeep "^4.5.0"

"@types/bn.js@^5.1.0":
  version "5.1.1"
  resolved "https://registry.yarnpkg.com/@types/bn.js/-/bn.js-5.1.1.tgz#b51e1b55920a4ca26e9285ff79936bbdec910682"
  integrity sha512-qNrYbZqMx0uJAfKnKclPh+dTwK33KfLHYqtyODwd5HnXOjnkhc4qgn3BrK6RWyGZm5+sIFE7Q7Vz6QQtJB7w7g==
  dependencies:
    "@types/node" "*"

"@types/node@*":
  version "20.5.8"
  resolved "https://registry.yarnpkg.com/@types/node/-/node-20.5.8.tgz#fb171fd22d37ca6e2ea97fde88e6a13ee14bc327"
  integrity sha512-eajsR9aeljqNhK028VG0Wuw+OaY5LLxYmxeoXynIoE6jannr9/Ucd1LL0hSSoafk5LTYG+FfqsyGt81Q6Zkybw==

"@types/node@^18.0.4":
  version "18.17.13"
  resolved "https://registry.yarnpkg.com/@types/node/-/node-18.17.13.tgz#d99cb351ff2e51a192fe8903b658c4f85fbcb58c"
  integrity sha512-SlLPDDe6YQl1JnQQy4hgsuJeo5q5c1TBU4be4jeBLXsqpjoDbfb0HesSfhMwnaxfSJ4txtfzJzW5/x/43fkkfQ==

base-x@^4.0.0:
  version "4.0.0"
  resolved "https://registry.yarnpkg.com/base-x/-/base-x-4.0.0.tgz#d0e3b7753450c73f8ad2389b5c018a4af7b2224a"
  integrity sha512-FuwxlW4H5kh37X/oW59pwTzzTKRzfrrQwhmyspRM7swOEZcHtDZSCt45U6oKgtuFE+WYPblePMVIPR4RZrh/hw==

c32check@^2.0.0:
  version "2.0.0"
  resolved "https://registry.yarnpkg.com/c32check/-/c32check-2.0.0.tgz#b9365618b2fb135c0783d03f00605b7b0f90c659"
  integrity sha512-rpwfAcS/CMqo0oCqDf3r9eeLgScRE3l/xHDCXhM3UyrfvIn7PrLq63uHh7yYbv8NzaZn5MVsVhIRpQ+5GZ5HyA==
  dependencies:
    "@noble/hashes" "^1.1.2"
    base-x "^4.0.0"

cross-fetch@^3.1.5:
  version "3.1.8"
  resolved "https://registry.yarnpkg.com/cross-fetch/-/cross-fetch-3.1.8.tgz#0327eba65fd68a7d119f8fb2bf9334a1a7956f82"
  integrity sha512-cvA+JwZoU0Xq+h6WkMvAUqPEYy92Obet6UdKLfW60qn99ftItKjB5T+BkyWOFWe2pUyfQ+IJHmpOTznqk1M6Kg==
  dependencies:
    node-fetch "^2.6.12"

dotenv@^16.3.1:
  version "16.3.1"
  resolved "https://registry.yarnpkg.com/dotenv/-/dotenv-16.3.1.tgz#369034de7d7e5b120972693352a3bf112172cc3e"
  integrity sha512-IPzF4w4/Rd94bA9imS68tZBaYyBWSCE47V1RGuMrB94iyTOIEwRmVL2x/4An+6mETpLrKJ5hQkB8W4kFAadeIQ==

fs@^0.0.1-security:
  version "0.0.1-security"
  resolved "https://registry.yarnpkg.com/fs/-/fs-0.0.1-security.tgz#8a7bd37186b6dddf3813f23858b57ecaaf5e41d4"
  integrity sha512-3XY9e1pP0CVEUCdj5BmfIZxRBTSDycnbqhIOGec9QYtmVH2fbLpj86CFWkrNOkt/Fvty4KZG5lTglL9j/gJ87w==

lodash.clonedeep@^4.5.0:
  version "4.5.0"
  resolved "https://registry.yarnpkg.com/lodash.clonedeep/-/lodash.clonedeep-4.5.0.tgz#e23f3f9c4f8fbdde872529c1071857a086e5ccef"
  integrity sha512-H5ZhCF25riFd9uB5UCkVKo61m3S/xZk1x4wA6yp/L3RFP6Z/eHH1ymQcGLo7J3GMPfm0V/7m1tryHuGVxpqEBQ==

node-fetch@^2.6.12:
  version "2.7.0"
  resolved "https://registry.yarnpkg.com/node-fetch/-/node-fetch-2.7.0.tgz#d0f0fa6e3e2dc1d27efcd8ad99d550bda94d187d"
  integrity sha512-c4FRfUm/dbcWZ7U+1Wq0AwCyFL+3nt2bEw05wfxSz+DWpWsitgmSgYmy2dQdWyKC1694ELPqMs/YzUSNozLt8A==
  dependencies:
    whatwg-url "^5.0.0"

tr46@~0.0.3:
  version "0.0.3"
  resolved "https://registry.yarnpkg.com/tr46/-/tr46-0.0.3.tgz#8184fd347dac9cdc185992f3a6622e14b9d9ab6a"
  integrity sha512-N3WMsuqV66lT30CrXNbEjx4GEwlow3v6rr4mCcv6prnfwhS01rkgyFdjPNBYd9br7LpXV1+Emh01fHnq2Gdgrw==

webidl-conversions@^3.0.0:
  version "3.0.1"
  resolved "https://registry.yarnpkg.com/webidl-conversions/-/webidl-conversions-3.0.1.tgz#24534275e2a7bc6be7bc86611cc16ae0a5654871"
  integrity sha512-2JAn3z8AR6rjK8Sm8orRC0h/bcl/DqL7tRPdGZ4I1CjdF+EaMLmYxBHyXuKL849eucPFhvBoxMsflfOb8kxaeQ==

whatwg-url@^5.0.0:
  version "5.0.0"
  resolved "https://registry.yarnpkg.com/whatwg-url/-/whatwg-url-5.0.0.tgz#966454e8765462e37644d3626f6742ce8b70965d"
  integrity sha512-saE57nupxk6v3HY35+jzBwYa0rKSy0XR8JSxZPwgLr7ys0IBzhGviA1/TUGJLmSVqs8pb9AnvICXEuOHLprYTw==
  dependencies:
    tr46 "~0.0.3"
    webidl-conversions "^3.0.0"
